# tpm.lock - generated by tpm-redux
# Do not edit manually

tmux-plugins/tmux-sensible 25cb91f42d020f675bb0a2ce3fbd3a5d96119efa
sainnhe/tmux-fzf 05af76daa2487575b93a4f604693b00969f19c2f
tmux-plugins/tmux-logging b5c5f7b9bc679ca161a442e932d6186da8d3538f
clanghans/tmux-frost 1d5f4635d1d5eb9b8602c4cbfcb60f28b4f802ca
